// !$*UTF8*$!
{
	archiveVersion = 1;
	classes = {
	};
	objectVersion = 56;
	objects = {

/* Begin PBXBuildFile section */
		ED63D28529EFD78500C0E848 /* BlossomApp.swift in Sources */ = {isa = PBXBuildFile; fileRef = ED63D28429EFD78500C0E848 /* BlossomApp.swift */; };
		ED63D28729EFD78500C0E848 /* ContentView.swift in Sources */ = {isa = PBXBuildFile; fileRef = ED63D28629EFD78500C0E848 /* ContentView.swift */; };
		ED63D28929EFD78700C0E848 /* Assets.xcassets in Resources */ = {isa = PBXBuildFile; fileRef = ED63D28829EFD78700C0E848 /* Assets.xcassets */; };
		ED63D28D29EFD78700C0E848 /* Preview Assets.xcassets in Resources */ = {isa = PBXBuildFile; fileRef = ED63D28C29EFD78700C0E848 /* Preview Assets.xcassets */; };
		ED63D29429EFDA1A00C0E848 /* Extensions.swift in Sources */ = {isa = PBXBuildFile; fileRef = ED63D29329EFDA1A00C0E848 /* Extensions.swift */; };
		ED63D29629EFF2DB00C0E848 /* BMIinfo.swift in Sources */ = {isa = PBXBuildFile; fileRef = ED63D29529EFF2DB00C0E848 /* BMIinfo.swift */; };
		ED63D29829EFFE6700C0E848 /* GroupBoxStyling.swift in Sources */ = {isa = PBXBuildFile; fileRef = ED63D29729EFFE6700C0E848 /* GroupBoxStyling.swift */; };
		ED63D29A29F0022B00C0E848 /* BMIView.swift in Sources */ = {isa = PBXBuildFile; fileRef = ED63D29929F0022B00C0E848 /* BMIView.swift */; };
		ED63D29C29F0024900C0E848 /* ResultView.swift in Sources */ = {isa = PBXBuildFile; fileRef = ED63D29B29F0024900C0E848 /* ResultView.swift */; };
		ED63D29E29F0025B00C0E848 /* DetailView.swift in Sources */ = {isa = PBXBuildFile; fileRef = ED63D29D29F0025B00C0E848 /* DetailView.swift */; };
		ED63D2A029F0029400C0E848 /* BMI.swift in Sources */ = {isa = PBXBuildFile; fileRef = ED63D29F29F0029400C0E848 /* BMI.swift */; };
		ED63D2A229F002A500C0E848 /* BMICaclulator.swift in Sources */ = {isa = PBXBuildFile; fileRef = ED63D2A129F002A500C0E848 /* BMICaclulator.swift */; };
		ED63D2A429F007ED00C0E848 /* MenuView.swift in Sources */ = {isa = PBXBuildFile; fileRef = ED63D2A329F007ED00C0E848 /* MenuView.swift */; };
		ED675BB429F00E1C00071883 /* PeriodRelief.swift in Sources */ = {isa = PBXBuildFile; fileRef = ED675BB329F00E1C00071883 /* PeriodRelief.swift */; };
		ED675BB629F0246B00071883 /* DecodeDischarge.swift in Sources */ = {isa = PBXBuildFile; fileRef = ED675BB529F0246B00071883 /* DecodeDischarge.swift */; };
		ED675BB829F02CAB00071883 /* PeriodLate.swift in Sources */ = {isa = PBXBuildFile; fileRef = ED675BB729F02CAB00071883 /* PeriodLate.swift */; };
		ED675BBA29F03A4800071883 /* BirthControl.swift in Sources */ = {isa = PBXBuildFile; fileRef = ED675BB929F03A4800071883 /* BirthControl.swift */; };
		ED675BBC29F0426200071883 /* QuizQues1.swift in Sources */ = {isa = PBXBuildFile; fileRef = ED675BBB29F0426200071883 /* QuizQues1.swift */; };
		ED675BBE29F0461300071883 /* QuizQues2.swift in Sources */ = {isa = PBXBuildFile; fileRef = ED675BBD29F0461300071883 /* QuizQues2.swift */; };
		ED675BC029F04AC400071883 /* QuizQues3.swift in Sources */ = {isa = PBXBuildFile; fileRef = ED675BBF29F04AC400071883 /* QuizQues3.swift */; };
		ED675BC229F04CF400071883 /* ThankYouView.swift in Sources */ = {isa = PBXBuildFile; fileRef = ED675BC129F04CF400071883 /* ThankYouView.swift */; };
		ED675BC529F0521800071883 /* ConfettiSwiftUI in Frameworks */ = {isa = PBXBuildFile; productRef = ED675BC429F0521800071883 /* ConfettiSwiftUI */; };
/* End PBXBuildFile section */

/* Begin PBXFileReference section */
		ED63D28129EFD78500C0E848 /* Blossom.app */ = {isa = PBXFileReference; explicitFileType = wrapper.application; includeInIndex = 0; path = Blossom.app; sourceTree = BUILT_PRODUCTS_DIR; };
		ED63D28429EFD78500C0E848 /* BlossomApp.swift */ = {isa = PBXFileReference; lastKnownFileType = sourcecode.swift; path = BlossomApp.swift; sourceTree = "<group>"; };
		ED63D28629EFD78500C0E848 /* ContentView.swift */ = {isa = PBXFileReference; lastKnownFileType = sourcecode.swift; path = ContentView.swift; sourceTree = "<group>"; };
		ED63D28829EFD78700C0E848 /* Assets.xcassets */ = {isa = PBXFileReference; lastKnownFileType = folder.assetcatalog; path = Assets.xcassets; sourceTree = "<group>"; };
		ED63D28A29EFD78700C0E848 /* Blossom.entitlements */ = {isa = PBXFileReference; lastKnownFileType = text.plist.entitlements; path = Blossom.entitlements; sourceTree = "<group>"; };
		ED63D28C29EFD78700C0E848 /* Preview Assets.xcassets */ = {isa = PBXFileReference; lastKnownFileType = folder.assetcatalog; path = "Preview Assets.xcassets"; sourceTree = "<group>"; };
		ED63D29329EFDA1A00C0E848 /* Extensions.swift */ = {isa = PBXFileReference; lastKnownFileType = sourcecode.swift; path = Extensions.swift; sourceTree = "<group>"; };
		ED63D29529EFF2DB00C0E848 /* BMIinfo.swift */ = {isa = PBXFileReference; lastKnownFileType = sourcecode.swift; path = BMIinfo.swift; sourceTree = "<group>"; };
		ED63D29729EFFE6700C0E848 /* GroupBoxStyling.swift */ = {isa = PBXFileReference; lastKnownFileType = sourcecode.swift; path = GroupBoxStyling.swift; sourceTree = "<group>"; };
		ED63D29929F0022B00C0E848 /* BMIView.swift */ = {isa = PBXFileReference; lastKnownFileType = sourcecode.swift; path = BMIView.swift; sourceTree = "<group>"; };
		ED63D29B29F0024900C0E848 /* ResultView.swift */ = {isa = PBXFileReference; lastKnownFileType = sourcecode.swift; path = ResultView.swift; sourceTree = "<group>"; };
		ED63D29D29F0025B00C0E848 /* DetailView.swift */ = {isa = PBXFileReference; lastKnownFileType = sourcecode.swift; path = DetailView.swift; sourceTree = "<group>"; };
		ED63D29F29F0029400C0E848 /* BMI.swift */ = {isa = PBXFileReference; lastKnownFileType = sourcecode.swift; path = BMI.swift; sourceTree = "<group>"; };
		ED63D2A129F002A500C0E848 /* BMICaclulator.swift */ = {isa = PBXFileReference; lastKnownFileType = sourcecode.swift; path = BMICaclulator.swift; sourceTree = "<group>"; };
		ED63D2A329F007ED00C0E848 /* MenuView.swift */ = {isa = PBXFileReference; lastKnownFileType = sourcecode.swift; path = MenuView.swift; sourceTree = "<group>"; };
		ED675BB329F00E1C00071883 /* PeriodRelief.swift */ = {isa = PBXFileReference; lastKnownFileType = sourcecode.swift; path = PeriodRelief.swift; sourceTree = "<group>"; };
		ED675BB529F0246B00071883 /* DecodeDischarge.swift */ = {isa = PBXFileReference; lastKnownFileType = sourcecode.swift; path = DecodeDischarge.swift; sourceTree = "<group>"; };
		ED675BB729F02CAB00071883 /* PeriodLate.swift */ = {isa = PBXFileReference; lastKnownFileType = sourcecode.swift; path = PeriodLate.swift; sourceTree = "<group>"; };
		ED675BB929F03A4800071883 /* BirthControl.swift */ = {isa = PBXFileReference; lastKnownFileType = sourcecode.swift; path = BirthControl.swift; sourceTree = "<group>"; };
		ED675BBB29F0426200071883 /* QuizQues1.swift */ = {isa = PBXFileReference; lastKnownFileType = sourcecode.swift; path = QuizQues1.swift; sourceTree = "<group>"; };
		ED675BBD29F0461300071883 /* QuizQues2.swift */ = {isa = PBXFileReference; lastKnownFileType = sourcecode.swift; path = QuizQues2.swift; sourceTree = "<group>"; };
		ED675BBF29F04AC400071883 /* QuizQues3.swift */ = {isa = PBXFileReference; lastKnownFileType = sourcecode.swift; path = QuizQues3.swift; sourceTree = "<group>"; };
		ED675BC129F04CF400071883 /* ThankYouView.swift */ = {isa = PBXFileReference; lastKnownFileType = sourcecode.swift; path = ThankYouView.swift; sourceTree = "<group>"; };
/* End PBXFileReference section */

/* Begin PBXFrameworksBuildPhase section */
		ED63D27E29EFD78500C0E848 /* Frameworks */ = {
			isa = PBXFrameworksBuildPhase;
			buildActionMask = 2147483647;
			files = (
				ED675BC529F0521800071883 /* ConfettiSwiftUI in Frameworks */,
			);
			runOnlyForDeploymentPostprocessing = 0;
		};
/* End PBXFrameworksBuildPhase section */

/* Begin PBXGroup section */
		ED63D27829EFD78500C0E848 = {
			isa = PBXGroup;
			children = (
				ED63D28329EFD78500C0E848 /* Blossom */,
				ED63D28229EFD78500C0E848 /* Products */,
			);
			sourceTree = "<group>";
		};
		ED63D28229EFD78500C0E848 /* Products */ = {
			isa = PBXGroup;
			children = (
				ED63D28129EFD78500C0E848 /* Blossom.app */,
			);
			name = Products;
			sourceTree = "<group>";
		};
		ED63D28329EFD78500C0E848 /* Blossom */ = {
			isa = PBXGroup;
			children = (
				ED63D29329EFDA1A00C0E848 /* Extensions.swift */,
				ED63D29729EFFE6700C0E848 /* GroupBoxStyling.swift */,
				ED63D28429EFD78500C0E848 /* BlossomApp.swift */,
				ED63D28629EFD78500C0E848 /* ContentView.swift */,
				ED63D29529EFF2DB00C0E848 /* BMIinfo.swift */,
				ED675BB729F02CAB00071883 /* PeriodLate.swift */,
				ED63D29F29F0029400C0E848 /* BMI.swift */,
				ED63D2A129F002A500C0E848 /* BMICaclulator.swift */,
				ED63D29929F0022B00C0E848 /* BMIView.swift */,
				ED63D29B29F0024900C0E848 /* ResultView.swift */,
				ED63D29D29F0025B00C0E848 /* DetailView.swift */,
				ED63D2A329F007ED00C0E848 /* MenuView.swift */,
				ED675BBB29F0426200071883 /* QuizQues1.swift */,
				ED675BBD29F0461300071883 /* QuizQues2.swift */,
				ED675BBF29F04AC400071883 /* QuizQues3.swift */,
				ED675BC129F04CF400071883 /* ThankYouView.swift */,
				ED675BB929F03A4800071883 /* BirthControl.swift */,
				ED675BB529F0246B00071883 /* DecodeDischarge.swift */,
				ED675BB329F00E1C00071883 /* PeriodRelief.swift */,
				ED63D28829EFD78700C0E848 /* Assets.xcassets */,
				ED63D28A29EFD78700C0E848 /* Blossom.entitlements */,
				ED63D28B29EFD78700C0E848 /* Preview Content */,
			);
			path = Blossom;
			sourceTree = "<group>";
		};
		ED63D28B29EFD78700C0E848 /* Preview Content */ = {
			isa = PBXGroup;
			children = (
				ED63D28C29EFD78700C0E848 /* Preview Assets.xcassets */,
			);
			path = "Preview Content";
			sourceTree = "<group>";
		};
/* End PBXGroup section */

/* Begin PBXNativeTarget section */
		ED63D28029EFD78500C0E848 /* Blossom */ = {
			isa = PBXNativeTarget;
			buildConfigurationList = ED63D29029EFD78700C0E848 /* Build configuration list for PBXNativeTarget "Blossom" */;
			buildPhases = (
				ED63D27D29EFD78500C0E848 /* Sources */,
				ED63D27E29EFD78500C0E848 /* Frameworks */,
				ED63D27F29EFD78500C0E848 /* Resources */,
			);
			buildRules = (
			);
			dependencies = (
			);
			name = Blossom;
			packageProductDependencies = (
				ED675BC429F0521800071883 /* ConfettiSwiftUI */,
			);
			productName = Blossom;
			productReference = ED63D28129EFD78500C0E848 /* Blossom.app */;
			productType = "com.apple.product-type.application";
		};
/* End PBXNativeTarget section */

/* Begin PBXProject section */
		ED63D27929EFD78500C0E848 /* Project object */ = {
			isa = PBXProject;
			attributes = {
				BuildIndependentTargetsInParallel = 1;
				LastSwiftUpdateCheck = 1430;
				LastUpgradeCheck = 1430;
				TargetAttributes = {
					ED63D28029EFD78500C0E848 = {
						CreatedOnToolsVersion = 14.3;
					};
				};
			};
			buildConfigurationList = ED63D27C29EFD78500C0E848 /* Build configuration list for PBXProject "Blossom" */;
			compatibilityVersion = "Xcode 14.0";
			developmentRegion = en;
			hasScannedForEncodings = 0;
			knownRegions = (
				en,
				Base,
			);
			mainGroup = ED63D27829EFD78500C0E848;
			packageReferences = (
				ED675BC329F0521800071883 /* XCRemoteSwiftPackageReference "ConfettiSwiftUI" */,
			);
			productRefGroup = ED63D28229EFD78500C0E848 /* Products */;
			projectDirPath = "";
			projectRoot = "";
			targets = (
				ED63D28029EFD78500C0E848 /* Blossom */,
			);
		};
/* End PBXProject section */

/* Begin PBXResourcesBuildPhase section */
		ED63D27F29EFD78500C0E848 /* Resources */ = {
			isa = PBXResourcesBuildPhase;
			buildActionMask = 2147483647;
			files = (
				ED63D28D29EFD78700C0E848 /* Preview Assets.xcassets in Resources */,
				ED63D28929EFD78700C0E848 /* Assets.xcassets in Resources */,
			);
			runOnlyForDeploymentPostprocessing = 0;
		};
/* End PBXResourcesBuildPhase section */

/* Begin PBXSourcesBuildPhase section */
		ED63D27D29EFD78500C0E848 /* Sources */ = {
			isa = PBXSourcesBuildPhase;
			buildActionMask = 2147483647;
			files = (
				ED63D28729EFD78500C0E848 /* ContentView.swift in Sources */,
				ED675BB629F0246B00071883 /* DecodeDischarge.swift in Sources */,
				ED675BBC29F0426200071883 /* QuizQues1.swift in Sources */,
				ED63D29E29F0025B00C0E848 /* DetailView.swift in Sources */,
				ED63D29429EFDA1A00C0E848 /* Extensions.swift in Sources */,
				ED63D28529EFD78500C0E848 /* BlossomApp.swift in Sources */,
				ED675BBE29F0461300071883 /* QuizQues2.swift in Sources */,
				ED63D29A29F0022B00C0E848 /* BMIView.swift in Sources */,
				ED675BC029F04AC400071883 /* QuizQues3.swift in Sources */,
				ED63D29829EFFE6700C0E848 /* GroupBoxStyling.swift in Sources */,
				ED675BC229F04CF400071883 /* ThankYouView.swift in Sources */,
				ED63D29C29F0024900C0E848 /* ResultView.swift in Sources */,
				ED675BB429F00E1C00071883 /* PeriodRelief.swift in Sources */,
				ED63D2A429F007ED00C0E848 /* MenuView.swift in Sources */,
				ED63D2A029F0029400C0E848 /* BMI.swift in Sources */,
				ED63D2A229F002A500C0E848 /* BMICaclulator.swift in Sources */,
				ED675BBA29F03A4800071883 /* BirthControl.swift in Sources */,
				ED675BB829F02CAB00071883 /* PeriodLate.swift in Sources */,
				ED63D29629EFF2DB00C0E848 /* BMIinfo.swift in Sources */,
			);
			runOnlyForDeploymentPostprocessing = 0;
		};
/* End PBXSourcesBuildPhase section */

/* Begin XCBuildConfiguration section */
		ED63D28E29EFD78700C0E848 /* Debug */ = {
			isa = XCBuildConfiguration;
			buildSettings = {
				ALWAYS_SEARCH_USER_PATHS = NO;
				CLANG_ANALYZER_NONNULL = YES;
				CLANG_ANALYZER_NUMBER_OBJECT_CONVERSION = YES_AGGRESSIVE;
				CLANG_CXX_LANGUAGE_STANDARD = "gnu++20";
				CLANG_ENABLE_MODULES = YES;
				CLANG_ENABLE_OBJC_ARC = YES;
				CLANG_ENABLE_OBJC_WEAK = YES;
				CLANG_WARN_BLOCK_CAPTURE_AUTORELEASING = YES;
				CLANG_WARN_BOOL_CONVERSION = YES;
				CLANG_WARN_COMMA = YES;
				CLANG_WARN_CONSTANT_CONVERSION = YES;
				CLANG_WARN_DEPRECATED_OBJC_IMPLEMENTATIONS = YES;
				CLANG_WARN_DIRECT_OBJC_ISA_USAGE = YES_ERROR;
				CLANG_WARN_DOCUMENTATION_COMMENTS = YES;
				CLANG_WARN_EMPTY_BODY = YES;
				CLANG_WARN_ENUM_CONVERSION = YES;
				CLANG_WARN_INFINITE_RECURSION = YES;
				CLANG_WARN_INT_CONVERSION = YES;
				CLANG_WARN_NON_LITERAL_NULL_CONVERSION = YES;
				CLANG_WARN_OBJC_IMPLICIT_RETAIN_SELF = YES;
				CLANG_WARN_OBJC_LITERAL_CONVERSION = YES;
				CLANG_WARN_OBJC_ROOT_CLASS = YES_ERROR;
				CLANG_WARN_QUOTED_INCLUDE_IN_FRAMEWORK_HEADER = YES;
				CLANG_WARN_RANGE_LOOP_ANALYSIS = YES;
				CLANG_WARN_STRICT_PROTOTYPES = YES;
				CLANG_WARN_SUSPICIOUS_MOVE = YES;
				CLANG_WARN_UNGUARDED_AVAILABILITY = YES_AGGRESSIVE;
				CLANG_WARN_UNREACHABLE_CODE = YES;
				CLANG_WARN__DUPLICATE_METHOD_MATCH = YES;
				COPY_PHASE_STRIP = NO;
				DEBUG_INFORMATION_FORMAT = dwarf;
				ENABLE_STRICT_OBJC_MSGSEND = YES;
				ENABLE_TESTABILITY = YES;
				GCC_C_LANGUAGE_STANDARD = gnu11;
				GCC_DYNAMIC_NO_PIC = NO;
				GCC_NO_COMMON_BLOCKS = YES;
				GCC_OPTIMIZATION_LEVEL = 0;
				GCC_PREPROCESSOR_DEFINITIONS = (
					"DEBUG=1",
					"$(inherited)",
				);
				GCC_WARN_64_TO_32_BIT_CONVERSION = YES;
				GCC_WARN_ABOUT_RETURN_TYPE = YES_ERROR;
				GCC_WARN_UNDECLARED_SELECTOR = YES;
				GCC_WARN_UNINITIALIZED_AUTOS = YES_AGGRESSIVE;
				GCC_WARN_UNUSED_FUNCTION = YES;
				GCC_WARN_UNUSED_VARIABLE = YES;
				MTL_ENABLE_DEBUG_INFO = INCLUDE_SOURCE;
				MTL_FAST_MATH = YES;
				ONLY_ACTIVE_ARCH = YES;
				SWIFT_ACTIVE_COMPILATION_CONDITIONS = DEBUG;
				SWIFT_OPTIMIZATION_LEVEL = "-Onone";
			};
			name = Debug;
		};
		ED63D28F29EFD78700C0E848 /* Release */ = {
			isa = XCBuildConfiguration;
			buildSettings = {
				ALWAYS_SEARCH_USER_PATHS = NO;
				CLANG_ANALYZER_NONNULL = YES;
				CLANG_ANALYZER_NUMBER_OBJECT_CONVERSION = YES_AGGRESSIVE;
				CLANG_CXX_LANGUAGE_STANDARD = "gnu++20";
				CLANG_ENABLE_MODULES = YES;
				CLANG_ENABLE_OBJC_ARC = YES;
				CLANG_ENABLE_OBJC_WEAK = YES;
				CLANG_WARN_BLOCK_CAPTURE_AUTORELEASING = YES;
				CLANG_WARN_BOOL_CONVERSION = YES;
				CLANG_WARN_COMMA = YES;
				CLANG_WARN_CONSTANT_CONVERSION = YES;
				CLANG_WARN_DEPRECATED_OBJC_IMPLEMENTATIONS = YES;
				CLANG_WARN_DIRECT_OBJC_ISA_USAGE = YES_ERROR;
				CLANG_WARN_DOCUMENTATION_COMMENTS = YES;
				CLANG_WARN_EMPTY_BODY = YES;
				CLANG_WARN_ENUM_CONVERSION = YES;
				CLANG_WARN_INFINITE_RECURSION = YES;
				CLANG_WARN_INT_CONVERSION = YES;
				CLANG_WARN_NON_LITERAL_NULL_CONVERSION = YES;
				CLANG_WARN_OBJC_IMPLICIT_RETAIN_SELF = YES;
				CLANG_WARN_OBJC_LITERAL_CONVERSION = YES;
				CLANG_WARN_OBJC_ROOT_CLASS = YES_ERROR;
				CLANG_WARN_QUOTED_INCLUDE_IN_FRAMEWORK_HEADER = YES;
				CLANG_WARN_RANGE_LOOP_ANALYSIS = YES;
				CLANG_WARN_STRICT_PROTOTYPES = YES;
				CLANG_WARN_SUSPICIOUS_MOVE = YES;
				CLANG_WARN_UNGUARDED_AVAILABILITY = YES_AGGRESSIVE;
				CLANG_WARN_UNREACHABLE_CODE = YES;
				CLANG_WARN__DUPLICATE_METHOD_MATCH = YES;
				COPY_PHASE_STRIP = NO;
				DEBUG_INFORMATION_FORMAT = "dwarf-with-dsym";
				ENABLE_NS_ASSERTIONS = NO;
				ENABLE_STRICT_OBJC_MSGSEND = YES;
				GCC_C_LANGUAGE_STANDARD = gnu11;
				GCC_NO_COMMON_BLOCKS = YES;
				GCC_WARN_64_TO_32_BIT_CONVERSION = YES;
				GCC_WARN_ABOUT_RETURN_TYPE = YES_ERROR;
				GCC_WARN_UNDECLARED_SELECTOR = YES;
				GCC_WARN_UNINITIALIZED_AUTOS = YES_AGGRESSIVE;
				GCC_WARN_UNUSED_FUNCTION = YES;
				GCC_WARN_UNUSED_VARIABLE = YES;
				MTL_ENABLE_DEBUG_INFO = NO;
				MTL_FAST_MATH = YES;
				SWIFT_COMPILATION_MODE = wholemodule;
				SWIFT_OPTIMIZATION_LEVEL = "-O";
			};
			name = Release;
		};
		ED63D29129EFD78700C0E848 /* Debug */ = {
			isa = XCBuildConfiguration;
			buildSettings = {
				ASSETCATALOG_COMPILER_APPICON_NAME = AppIcon;
				ASSETCATALOG_COMPILER_GLOBAL_ACCENT_COLOR_NAME = AccentColor;
				CODE_SIGN_ENTITLEMENTS = Blossom/Blossom.entitlements;
				CODE_SIGN_STYLE = Automatic;
				CURRENT_PROJECT_VERSION = 1;
				DEVELOPMENT_ASSET_PATHS = "\"Blossom/Preview Content\"";
				DEVELOPMENT_TEAM = Q5A93M73DC;
				ENABLE_HARDENED_RUNTIME = YES;
				ENABLE_PREVIEWS = YES;
				GENERATE_INFOPLIST_FILE = YES;
				"INFOPLIST_KEY_UIApplicationSceneManifest_Generation[sdk=iphoneos*]" = YES;
				"INFOPLIST_KEY_UIApplicationSceneManifest_Generation[sdk=iphonesimulator*]" = YES;
				"INFOPLIST_KEY_UIApplicationSupportsIndirectInputEvents[sdk=iphoneos*]" = YES;
				"INFOPLIST_KEY_UIApplicationSupportsIndirectInputEvents[sdk=iphonesimulator*]" = YES;
				"INFOPLIST_KEY_UILaunchScreen_Generation[sdk=iphoneos*]" = YES;
				"INFOPLIST_KEY_UILaunchScreen_Generation[sdk=iphonesimulator*]" = YES;
				"INFOPLIST_KEY_UIStatusBarStyle[sdk=iphoneos*]" = UIStatusBarStyleDefault;
				"INFOPLIST_KEY_UIStatusBarStyle[sdk=iphonesimulator*]" = UIStatusBarStyleDefault;
				INFOPLIST_KEY_UISupportedInterfaceOrientations_iPad = "UIInterfaceOrientationPortrait UIInterfaceOrientationPortraitUpsideDown UIInterfaceOrientationLandscapeLeft UIInterfaceOrientationLandscapeRight";
				INFOPLIST_KEY_UISupportedInterfaceOrientations_iPhone = "UIInterfaceOrientationPortrait UIInterfaceOrientationLandscapeLeft UIInterfaceOrientationLandscapeRight";
				IPHONEOS_DEPLOYMENT_TARGET = 16.4;
				LD_RUNPATH_SEARCH_PATHS = "@executable_path/Frameworks";
				"LD_RUNPATH_SEARCH_PATHS[sdk=macosx*]" = "@executable_path/../Frameworks";
				MACOSX_DEPLOYMENT_TARGET = 13.3;
				MARKETING_VERSION = 1.0;
				PRODUCT_BUNDLE_IDENTIFIER = dhruvdugar.Blossom;
				PRODUCT_NAME = "$(TARGET_NAME)";
				SDKROOT = auto;
				SUPPORTED_PLATFORMS = "iphoneos iphonesimulator";
				SUPPORTS_MACCATALYST = NO;
				SUPPORTS_MAC_DESIGNED_FOR_IPHONE_IPAD = NO;
				SWIFT_EMIT_LOC_STRINGS = YES;
				SWIFT_VERSION = 5.0;
				TARGETED_DEVICE_FAMILY = "1,2";
			};
			name = Debug;
		};
		ED63D29229EFD78700C0E848 /* Release */ = {
			isa = XCBuildConfiguration;
			buildSettings = {
				ASSETCATALOG_COMPILER_APPICON_NAME = AppIcon;
				ASSETCATALOG_COMPILER_GLOBAL_ACCENT_COLOR_NAME = AccentColor;
				CODE_SIGN_ENTITLEMENTS = Blossom/Blossom.entitlements;
				CODE_SIGN_STYLE = Automatic;
				CURRENT_PROJECT_VERSION = 1;
				DEVELOPMENT_ASSET_PATHS = "\"Blossom/Preview Content\"";
				DEVELOPMENT_TEAM = Q5A93M73DC;
				ENABLE_HARDENED_RUNTIME = YES;
				ENABLE_PREVIEWS = YES;
				GENERATE_INFOPLIST_FILE = YES;
				"INFOPLIST_KEY_UIApplicationSceneManifest_Generation[sdk=iphoneos*]" = YES;
				"INFOPLIST_KEY_UIApplicationSceneManifest_Generation[sdk=iphonesimulator*]" = YES;
				"INFOPLIST_KEY_UIApplicationSupportsIndirectInputEvents[sdk=iphoneos*]" = YES;
				"INFOPLIST_KEY_UIApplicationSupportsIndirectInputEvents[sdk=iphonesimulator*]" = YES;
				"INFOPLIST_KEY_UILaunchScreen_Generation[sdk=iphoneos*]" = YES;
				"INFOPLIST_KEY_UILaunchScreen_Generation[sdk=iphonesimulator*]" = YES;
				"INFOPLIST_KEY_UIStatusBarStyle[sdk=iphoneos*]" = UIStatusBarStyleDefault;
				"INFOPLIST_KEY_UIStatusBarStyle[sdk=iphonesimulator*]" = UIStatusBarStyleDefault;
				INFOPLIST_KEY_UISupportedInterfaceOrientations_iPad = "UIInterfaceOrientationPortrait UIInterfaceOrientationPortraitUpsideDown UIInterfaceOrientationLandscapeLeft UIInterfaceOrientationLandscapeRight";
				INFOPLIST_KEY_UISupportedInterfaceOrientations_iPhone = "UIInterfaceOrientationPortrait UIInterfaceOrientationLandscapeLeft UIInterfaceOrientationLandscapeRight";
				IPHONEOS_DEPLOYMENT_TARGET = 16.4;
				LD_RUNPATH_SEARCH_PATHS = "@executable_path/Frameworks";
				"LD_RUNPATH_SEARCH_PATHS[sdk=macosx*]" = "@executable_path/../Frameworks";
				MACOSX_DEPLOYMENT_TARGET = 13.3;
				MARKETING_VERSION = 1.0;
				PRODUCT_BUNDLE_IDENTIFIER = dhruvdugar.Blossom;
				PRODUCT_NAME = "$(TARGET_NAME)";
				SDKROOT = auto;
				SUPPORTED_PLATFORMS = "iphoneos iphonesimulator";
				SUPPORTS_MACCATALYST = NO;
				SUPPORTS_MAC_DESIGNED_FOR_IPHONE_IPAD = NO;
				SWIFT_EMIT_LOC_STRINGS = YES;
				SWIFT_VERSION = 5.0;
				TARGETED_DEVICE_FAMILY = "1,2";
			};
			name = Release;
		};
/* End XCBuildConfiguration section */

/* Begin XCConfigurationList section */
		ED63D27C29EFD78500C0E848 /* Build configuration list for PBXProject "Blossom" */ = {
			isa = XCConfigurationList;
			buildConfigurations = (
				ED63D28E29EFD78700C0E848 /* Debug */,
				ED63D28F29EFD78700C0E848 /* Release */,
			);
			defaultConfigurationIsVisible = 0;
			defaultConfigurationName = Release;
		};
		ED63D29029EFD78700C0E848 /* Build configuration list for PBXNativeTarget "Blossom" */ = {
			isa = XCConfigurationList;
			buildConfigurations = (
				ED63D29129EFD78700C0E848 /* Debug */,
				ED63D29229EFD78700C0E848 /* Release */,
			);
			defaultConfigurationIsVisible = 0;
			defaultConfigurationName = Release;
		};
/* End XCConfigurationList section */

/* Begin XCRemoteSwiftPackageReference section */
		ED675BC329F0521800071883 /* XCRemoteSwiftPackageReference "ConfettiSwiftUI" */ = {
			isa = XCRemoteSwiftPackageReference;
			repositoryURL = "https://github.com/simibac/ConfettiSwiftUI.git";
			requirement = {
				kind = upToNextMajorVersion;
				minimumVersion = 1.0.0;
			};
		};
/* End XCRemoteSwiftPackageReference section */

/* Begin XCSwiftPackageProductDependency section */
		ED675BC429F0521800071883 /* ConfettiSwiftUI */ = {
			isa = XCSwiftPackageProductDependency;
			package = ED675BC329F0521800071883 /* XCRemoteSwiftPackageReference "ConfettiSwiftUI" */;
			productName = ConfettiSwiftUI;
		};
/* End XCSwiftPackageProductDependency section */
	};
	rootObject = ED63D27929EFD78500C0E848 /* Project object */;
}
